<?xml version="1.0" encoding="utf-8"?>
<Project ToolsVersion="4.0" xmlns="http://schemas.microsoft.com/developer/msbuild/2003">
  <ItemGroup>
    <Filter Include="99. Headers">
      <UniqueIdentifier>{93995380-89BD-4b04-88EB-625FBE52EBFB}</UniqueIdentifier>
      <Extensions>h;hh;hpp;hxx;h++;hm;inl;inc;ipp;xsd</Extensions>
    </Filter>
    <Filter Include="98. Utils">
      <UniqueIdentifier>{b3d842f8-b485-4916-ba9c-620ece171924}</UniqueIdentifier>
    </Filter>
    <Filter Include="98. Utils\ImGui">
      <UniqueIdentifier>{37bfea9d-cc89-48b8-b7d9-2dffb9cfb43a}</UniqueIdentifier>
    </Filter>
    <Filter Include="98. Utils\Math">
      <UniqueIdentifier>{ce0e0dc0-246f-4466-a3f7-61dca4a631eb}</UniqueIdentifier>
    </Filter>
    <Filter Include="98. Utils\spdlog">
      <UniqueIdentifier>{0d3bd982-b049-4d06-9200-c1663666b405}</UniqueIdentifier>
    </Filter>
    <Filter Include="00. Window">
      <UniqueIdentifier>{d84395ac-5965-4a83-aad4-a635d31d9b06}</UniqueIdentifier>
    </Filter>
    <Filter Include="01. Graphics">
      <UniqueIdentifier>{1e970b18-fc8a-4ddc-ae22-f7553dbb6e29}</UniqueIdentifier>
    </Filter>
    <Filter Include="02. Managers">
      <UniqueIdentifier>{4c782a5d-0edd-4665-84ef-5a1c2b6b36ad}</UniqueIdentifier>
    </Filter>
    <Filter Include="04. Components">
      <UniqueIdentifier>{47451fdd-27b3-4c40-bc6c-914dfc5fa511}</UniqueIdentifier>
    </Filter>
    <Filter Include="03. GameObject">
      <UniqueIdentifier>{ea850038-1ce5-428d-8163-213de3c85146}</UniqueIdentifier>
    </Filter>
    <Filter Include="01. Graphics\Device">
      <UniqueIdentifier>{a438e0d1-9d6c-482c-9403-2e9e284ce61a}</UniqueIdentifier>
    </Filter>
    <Filter Include="01. Graphics\Buffer">
      <UniqueIdentifier>{9acea84f-82cb-4dce-87ca-ddb367e62b8e}</UniqueIdentifier>
    </Filter>
    <Filter Include="01. Graphics\Resources">
      <UniqueIdentifier>{d0628d47-fb0d-4fcb-9060-531069ad5c42}</UniqueIdentifier>
    </Filter>
  </ItemGroup>
  <ItemGroup>
    <ClInclude Include="pch.h">
      <Filter>99. Headers</Filter>
    </ClInclude>
    <ClInclude Include="imconfig.h">
      <Filter>98. Utils\ImGui</Filter>
    </ClInclude>
    <ClInclude Include="imgui.h">
      <Filter>98. Utils\ImGui</Filter>
    </ClInclude>
    <ClInclude Include="imgui_impl_dx11.h">
      <Filter>98. Utils\ImGui</Filter>
    </ClInclude>
    <ClInclude Include="imgui_impl_win32.h">
      <Filter>98. Utils\ImGui</Filter>
    </ClInclude>
    <ClInclude Include="imgui_internal.h">
      <Filter>98. Utils\ImGui</Filter>
    </ClInclude>
    <ClInclude Include="imstb_rectpack.h">
      <Filter>98. Utils\ImGui</Filter>
    </ClInclude>
    <ClInclude Include="imstb_textedit.h">
      <Filter>98. Utils\ImGui</Filter>
    </ClInclude>
    <ClInclude Include="imstb_truetype.h">
      <Filter>98. Utils\ImGui</Filter>
    </ClInclude>
    <ClInclude Include="SimpleMath.h">
      <Filter>98. Utils\Math</Filter>
    </ClInclude>
    <ClInclude Include="EnginePch.h">
      <Filter>99. Headers</Filter>
    </ClInclude>
    <ClInclude Include="Types.h">
      <Filter>99. Headers</Filter>
    </ClInclude>
    <ClInclude Include="Define.h">
      <Filter>99. Headers</Filter>
    </ClInclude>
    <ClInclude Include="Window.h">
      <Filter>00. Window</Filter>
    </ClInclude>
    <ClInclude Include="Log.h">
      <Filter>98. Utils\spdlog</Filter>
    </ClInclude>
    <ClInclude Include="Exception.h">
      <Filter>98. Utils</Filter>
    </ClInclude>
    <ClInclude Include="IExecute.h">
      <Filter>00. Window</Filter>
    </ClInclude>
    <ClInclude Include="ImGuiManager.h">
      <Filter>02. Managers</Filter>
    </ClInclude>
    <ClInclude Include="InputManager.h">
      <Filter>02. Managers</Filter>
    </ClInclude>
    <ClInclude Include="TimeManager.h">
      <Filter>02. Managers</Filter>
    </ClInclude>
    <ClInclude Include="IGameObject.h">
      <Filter>03. GameObject</Filter>
    </ClInclude>
    <ClInclude Include="IComponent.h">
      <Filter>04. Components</Filter>
    </ClInclude>
    <ClInclude Include="Transform.h">
      <Filter>04. Components</Filter>
    </ClInclude>
    <ClInclude Include="MeshRenderer.h">
      <Filter>04. Components</Filter>
    </ClInclude>
    <ClInclude Include="Viewport.h">
      <Filter>01. Graphics\Device</Filter>
    </ClInclude>
    <ClInclude Include="DirectX11.h">
      <Filter>01. Graphics\Device</Filter>
    </ClInclude>
    <ClInclude Include="VertexData.h">
      <Filter>01. Graphics\Buffer</Filter>
    </ClInclude>
    <ClInclude Include="VertexBuffer.h">
      <Filter>01. Graphics\Buffer</Filter>
    </ClInclude>
    <ClInclude Include="IndexBuffer.h">
      <Filter>01. Graphics\Buffer</Filter>
    </ClInclude>
    <ClInclude Include="ConstantBuffer.h">
      <Filter>01. Graphics\Buffer</Filter>
    </ClInclude>
    <ClInclude Include="Geometry.h">
      <Filter>01. Graphics\Buffer</Filter>
    </ClInclude>
    <ClInclude Include="GeometryHelper.h">
      <Filter>01. Graphics\Buffer</Filter>
    </ClInclude>
  </ItemGroup>
  <ItemGroup>
    <ClCompile Include="pch.cpp">
      <Filter>99. Headers</Filter>
    </ClCompile>
    <ClCompile Include="imgui.cpp">
      <Filter>98. Utils\ImGui</Filter>
    </ClCompile>
    <ClCompile Include="imgui_demo.cpp">
      <Filter>98. Utils\ImGui</Filter>
    </ClCompile>
    <ClCompile Include="imgui_draw.cpp">
      <Filter>98. Utils\ImGui</Filter>
    </ClCompile>
    <ClCompile Include="imgui_impl_dx11.cpp">
      <Filter>98. Utils\ImGui</Filter>
    </ClCompile>
    <ClCompile Include="imgui_impl_win32.cpp">
      <Filter>98. Utils\ImGui</Filter>
    </ClCompile>
    <ClCompile Include="imgui_tables.cpp">
      <Filter>98. Utils\ImGui</Filter>
    </ClCompile>
    <ClCompile Include="imgui_widgets.cpp">
      <Filter>98. Utils\ImGui</Filter>
    </ClCompile>
    <ClCompile Include="SimpleMath.cpp">
      <Filter>98. Utils\Math</Filter>
    </ClCompile>
    <ClCompile Include="Window.cpp">
      <Filter>00. Window</Filter>
    </ClCompile>
    <ClCompile Include="Log.cpp">
      <Filter>98. Utils\spdlog</Filter>
    </ClCompile>
    <ClCompile Include="Exception.cpp">
      <Filter>98. Utils</Filter>
    </ClCompile>
    <ClCompile Include="IExecute.cpp">
      <Filter>00. Window</Filter>
    </ClCompile>
    <ClCompile Include="ImGuiManager.cpp">
      <Filter>02. Managers</Filter>
    </ClCompile>
    <ClCompile Include="InputManager.cpp">
      <Filter>02. Managers</Filter>
    </ClCompile>
    <ClCompile Include="TimeManager.cpp">
      <Filter>02. Managers</Filter>
    </ClCompile>
    <ClCompile Include="IGameObject.cpp">
      <Filter>03. GameObject</Filter>
    </ClCompile>
    <ClCompile Include="IComponent.cpp">
      <Filter>04. Components</Filter>
    </ClCompile>
    <ClCompile Include="Transform.cpp">
      <Filter>04. Components</Filter>
    </ClCompile>
    <ClCompile Include="MeshRenderer.cpp">
      <Filter>04. Components</Filter>
    </ClCompile>
    <ClCompile Include="Viewport.cpp">
      <Filter>01. Graphics\Device</Filter>
    </ClCompile>
    <ClCompile Include="DirectX11.cpp">
      <Filter>01. Graphics\Device</Filter>
    </ClCompile>
    <ClCompile Include="VertexData.cpp">
      <Filter>01. Graphics\Buffer</Filter>
    </ClCompile>
    <ClCompile Include="VertexBuffer.cpp">
      <Filter>01. Graphics\Buffer</Filter>
    </ClCompile>
    <ClCompile Include="IndexBuffer.cpp">
      <Filter>01. Graphics\Buffer</Filter>
    </ClCompile>
    <ClCompile Include="ConstantBuffer.cpp">
      <Filter>01. Graphics\Buffer</Filter>
    </ClCompile>
    <ClCompile Include="Geometry.cpp">
      <Filter>01. Graphics\Buffer</Filter>
    </ClCompile>
    <ClCompile Include="GeometryHelper.cpp">
      <Filter>01. Graphics\Buffer</Filter>
    </ClCompile>
  </ItemGroup>
  <ItemGroup>
    <None Include="SimpleMath.inl">
      <Filter>98. Utils\Math</Filter>
    </None>
  </ItemGroup>
</Project>